
Microsoft Visual Studio Solution File, Format Version 12.00
# Visual Studio 15
VisualStudioVersion = 15.0.27428.2005
MinimumVisualStudioVersion = 10.0.40219.1
Project("{FAE04EC0-301F-11D3-BF4B-00C04F79EFBC}") = "WhoWantsToBeADungeonaire", "WhoWantsToBeADungeonaire\WhoWantsToBeADungeonaire.csproj", "{E03BF25D-51E8-4CD1-AA97-58010C8E5015}"
EndProject
Global
	GlobalSection(SolutionConfigurationPlatforms) = preSolution
		Debug|Any CPU = Debug|Any CPU
		Release|Any CPU = Release|Any CPU
	EndGlobalSection
	GlobalSection(ProjectConfigurationPlatforms) = postSolution
		{E03BF25D-51E8-4CD1-AA97-58010C8E5015}.Debug|Any CPU.ActiveCfg = Debug|Any CPU
		{E03BF25D-51E8-4CD1-AA97-58010C8E5015}.Debug|Any CPU.Build.0 = Debug|Any CPU
		{E03BF25D-51E8-4CD1-AA97-58010C8E5015}.Release|Any CPU.ActiveCfg = Release|Any CPU
		{E03BF25D-51E8-4CD1-AA97-58010C8E5015}.Release|Any CPU.Build.0 = Release|Any CPU
	EndGlobalSection
	GlobalSection(SolutionProperties) = preSolution
		HideSolutionNode = FALSE
	EndGlobalSection
	GlobalSection(ExtensibilityGlobals) = postSolution
		SolutionGuid = {E9D3FDE0-18B8-4D50-AE4C-DB4211559C52}
	EndGlobalSection
EndGlobal
